
Microsoft Visual Studio Solution File, Format Version 12.00
# Visual Studio Version 17
VisualStudioVersion = 17.14.36414.22 d17.14
MinimumVisualStudioVersion = 10.0.40219.1
Project("{FAE04EC0-301F-11D3-BF4B-00C04F79EFBC}") = "ApiAutenticacaoUsuario", "ApiAutenticacaoUsuario\ApiAutenticacaoUsuario.csproj", "{CFD15519-B8D9-43D6-85EA-388F0E6811AC}"
EndProject
Global
	GlobalSection(SolutionConfigurationPlatforms) = preSolution
		Debug|Any CPU = Debug|Any CPU
		Release|Any CPU = Release|Any CPU
	EndGlobalSection
	GlobalSection(ProjectConfigurationPlatforms) = postSolution
		{CFD15519-B8D9-43D6-85EA-388F0E6811AC}.Debug|Any CPU.ActiveCfg = Debug|Any CPU
		{CFD15519-B8D9-43D6-85EA-388F0E6811AC}.Debug|Any CPU.Build.0 = Debug|Any CPU
		{CFD15519-B8D9-43D6-85EA-388F0E6811AC}.Release|Any CPU.ActiveCfg = Release|Any CPU
		{CFD15519-B8D9-43D6-85EA-388F0E6811AC}.Release|Any CPU.Build.0 = Release|Any CPU
	EndGlobalSection
	GlobalSection(SolutionProperties) = preSolution
		HideSolutionNode = FALSE
	EndGlobalSection
	GlobalSection(ExtensibilityGlobals) = postSolution
		SolutionGuid = {611F89B7-5378-4973-9FEF-BADC61776BDD}
	EndGlobalSection
EndGlobal
